
Microsoft Visual Studio Solution File, Format Version 12.00
# Visual Studio 14
VisualStudioVersion = 14.0.25123.0
MinimumVisualStudioVersion = 10.0.40219.1
Project("{fa618fd2-8f5b-44c3-8d5d-5017107fa51a}") = "Rimworld-SuborbitalFlight", "Source\Rimworld-SuborbitalFlight.csproj", "{1ddb7225-db81-46e2-b18a-326a95ad0ba4}"
EndProject
Global
	GlobalSection(SolutionConfigurationPlatforms) = preSolution
		Debug|Any CPU = Debug|Any CPU
		Release|Any CPU = Release|Any CPU
	EndGlobalSection
	GlobalSection(ProjectConfigurationPlatforms) = postSolution
		{1ddb7225-db81-46e2-b18a-326a95ad0ba4}.Debug|Any CPU.ActiveCfg = Debug|Any CPU
		{1ddb7225-db81-46e2-b18a-326a95ad0ba4}.Debug|Any CPU.Build.0 = Debug|Any CPU
		{1ddb7225-db81-46e2-b18a-326a95ad0ba4}.Release|Any CPU.ActiveCfg = Release|Any CPU
		{1ddb7225-db81-46e2-b18a-326a95ad0ba4}.Release|Any CPU.Build.0 = Release|Any CPU
	EndGlobalSection
	GlobalSection(SolutionProperties) = preSolution
		HideSolutionNode = FALSE
	EndGlobalSection
EndGlobal
